Microsoft Visual Studio Solution File, Format Version 11.00
# Visual Studio 2008

Project("{42285469-66DF-7AF3-5096-5E8F4BC85BAF}") = "iLYuSha Wakaka Medieval Games K1", "Assembly-CSharp.csproj", "{F44EC73A-282E-E706-7A69-98EC93AA3596}"
EndProject
Global
	GlobalSection(SolutionConfigurationPlatforms) = preSolution
		Debug|Any CPU = Debug|Any CPU
		Release|Any CPU = Release|Any CPU
	EndGlobalSection
	GlobalSection(ProjectConfigurationPlatforms) = postSolution
		{F44EC73A-282E-E706-7A69-98EC93AA3596}.Debug|Any CPU.ActiveCfg = Debug|Any CPU
		{F44EC73A-282E-E706-7A69-98EC93AA3596}.Debug|Any CPU.Build.0 = Debug|Any CPU
		{F44EC73A-282E-E706-7A69-98EC93AA3596}.Release|Any CPU.ActiveCfg = Release|Any CPU
		{F44EC73A-282E-E706-7A69-98EC93AA3596}.Release|Any CPU.Build.0 = Release|Any CPU
	EndGlobalSection
	GlobalSection(SolutionProperties) = preSolution
		HideSolutionNode = FALSE
	EndGlobalSection
	GlobalSection(MonoDevelopProperties) = preSolution
		StartupItem = Assembly-CSharp.csproj
	EndGlobalSection
EndGlobal
