
Microsoft Visual Studio Solution File, Format Version 12.00
# Visual Studio 2017
Project("{FAE04EC0-301F-11D3-BF4B-00C04F79EFBC}") = "Wakaka KocmocA Medieval Round Table Pentagram", "Wakaka KocmocA Medieval Round Table Pentagram.csproj", "{F27B4890-F014-6635-CA74-6FB999EAD628}"
EndProject
Project("{FAE04EC0-301F-11D3-BF4B-00C04F79EFBC}") = "Wakaka KocmocA Medieval Round Table Pentagram.Editor", "Wakaka KocmocA Medieval Round Table Pentagram.Editor.csproj", "{9F4CAD0E-5527-3459-8E30-1B3A7BD2A591}"
EndProject
Global
	GlobalSection(SolutionConfigurationPlatforms) = preSolution
		Debug|Any CPU = Debug|Any CPU
		Release|Any CPU = Release|Any CPU
	EndGlobalSection
	GlobalSection(ProjectConfigurationPlatforms) = postSolution
		{F27B4890-F014-6635-CA74-6FB999EAD628}.Debug|Any CPU.ActiveCfg = Debug|Any CPU
		{F27B4890-F014-6635-CA74-6FB999EAD628}.Debug|Any CPU.Build.0 = Debug|Any CPU
		{F27B4890-F014-6635-CA74-6FB999EAD628}.Release|Any CPU.ActiveCfg = Release|Any CPU
		{F27B4890-F014-6635-CA74-6FB999EAD628}.Release|Any CPU.Build.0 = Release|Any CPU
		{9F4CAD0E-5527-3459-8E30-1B3A7BD2A591}.Debug|Any CPU.ActiveCfg = Debug|Any CPU
		{9F4CAD0E-5527-3459-8E30-1B3A7BD2A591}.Debug|Any CPU.Build.0 = Debug|Any CPU
		{9F4CAD0E-5527-3459-8E30-1B3A7BD2A591}.Release|Any CPU.ActiveCfg = Release|Any CPU
		{9F4CAD0E-5527-3459-8E30-1B3A7BD2A591}.Release|Any CPU.Build.0 = Release|Any CPU
	EndGlobalSection
	GlobalSection(SolutionProperties) = preSolution
		HideSolutionNode = FALSE
	EndGlobalSection
EndGlobal
